
Microsoft Visual Studio Solution File, Format Version 12.00
# Visual Studio Version 17
VisualStudioVersion = 17.8.34601.278
MinimumVisualStudioVersion = 10.0.40219.1
Project("{FAE04EC0-301F-11D3-BF4B-00C04F79EFBC}") = "Task12", "Task12\Task12.csproj", "{DB3C8DCD-49B3-4433-8E6F-C244C638DF8A}"
EndProject
Global
	GlobalSection(SolutionConfigurationPlatforms) = preSolution
		Debug|Any CPU = Debug|Any CPU
		Release|Any CPU = Release|Any CPU
	EndGlobalSection
	GlobalSection(ProjectConfigurationPlatforms) = postSolution
		{DB3C8DCD-49B3-4433-8E6F-C244C638DF8A}.Debug|Any CPU.ActiveCfg = Debug|Any CPU
		{DB3C8DCD-49B3-4433-8E6F-C244C638DF8A}.Debug|Any CPU.Build.0 = Debug|Any CPU
		{DB3C8DCD-49B3-4433-8E6F-C244C638DF8A}.Release|Any CPU.ActiveCfg = Release|Any CPU
		{DB3C8DCD-49B3-4433-8E6F-C244C638DF8A}.Release|Any CPU.Build.0 = Release|Any CPU
	EndGlobalSection
	GlobalSection(SolutionProperties) = preSolution
		HideSolutionNode = FALSE
	EndGlobalSection
	GlobalSection(ExtensibilityGlobals) = postSolution
		SolutionGuid = {C789EC01-B3C0-4F82-8674-3D9AF3048EDB}
	EndGlobalSection
EndGlobal
